
Microsoft Visual Studio Solution File, Format Version 12.00
# Visual Studio Version 16
VisualStudioVersion = 16.0.32802.440
MinimumVisualStudioVersion = 10.0.40219.1
Project("{FAE04EC0-301F-11D3-BF4B-00C04F79EFBC}") = "SWDEV_KC2", "SWDEV_KC2.csproj", "{C960AA84-7232-40FD-B0B6-4ADA521B1509}"
EndProject
Global
	GlobalSection(SolutionConfigurationPlatforms) = preSolution
		Debug|Any CPU = Debug|Any CPU
		Release|Any CPU = Release|Any CPU
	EndGlobalSection
	GlobalSection(ProjectConfigurationPlatforms) = postSolution
		{C960AA84-7232-40FD-B0B6-4ADA521B1509}.Debug|Any CPU.ActiveCfg = Debug|Any CPU
		{C960AA84-7232-40FD-B0B6-4ADA521B1509}.Debug|Any CPU.Build.0 = Debug|Any CPU
		{C960AA84-7232-40FD-B0B6-4ADA521B1509}.Release|Any CPU.ActiveCfg = Release|Any CPU
		{C960AA84-7232-40FD-B0B6-4ADA521B1509}.Release|Any CPU.Build.0 = Release|Any CPU
	EndGlobalSection
	GlobalSection(SolutionProperties) = preSolution
		HideSolutionNode = FALSE
	EndGlobalSection
	GlobalSection(ExtensibilityGlobals) = postSolution
		SolutionGuid = {070000B4-1CCC-46A4-848D-034856155D41}
	EndGlobalSection
EndGlobal
